
Microsoft Visual Studio Solution File, Format Version 12.00
# Visual Studio Version 17
VisualStudioVersion = 17.12.35527.113
MinimumVisualStudioVersion = 10.0.40219.1
Project("{FAE04EC0-301F-11D3-BF4B-00C04F79EFBC}") = "obfuscript", "OBFUSCRIPT\obfuscript.csproj", "{3C537B65-0B32-48A4-A28C-ECDA16B8E701}"
EndProject
Global
	GlobalSection(SolutionConfigurationPlatforms) = preSolution
		Debug|Any CPU = Debug|Any CPU
		Release|Any CPU = Release|Any CPU
	EndGlobalSection
	GlobalSection(ProjectConfigurationPlatforms) = postSolution
		{3C537B65-0B32-48A4-A28C-ECDA16B8E701}.Debug|Any CPU.ActiveCfg = Debug|Any CPU
		{3C537B65-0B32-48A4-A28C-ECDA16B8E701}.Debug|Any CPU.Build.0 = Debug|Any CPU
		{3C537B65-0B32-48A4-A28C-ECDA16B8E701}.Release|Any CPU.ActiveCfg = Release|Any CPU
		{3C537B65-0B32-48A4-A28C-ECDA16B8E701}.Release|Any CPU.Build.0 = Release|Any CPU
	EndGlobalSection
	GlobalSection(SolutionProperties) = preSolution
		HideSolutionNode = FALSE
	EndGlobalSection
	GlobalSection(ExtensibilityGlobals) = postSolution
		SolutionGuid = {E09BEF82-191B-4A87-A454-E1E09201449D}
	EndGlobalSection
EndGlobal
